# This file is automatically @generated by Cargo.
# It is not intended for manual editing.
version = 4

[[package]]
name = "proc-macro2"
version = "1.0.106"
source = "registry+https://github.com/rust-lang/crates.io-index"
checksum = "8fd00f0bb2e90d81d1044c2b32617f68fcb9fa3bb7640c23e9c748e53fb30934"
dependencies = [
 "unicode-ident",
]

[[package]]
name = "quote"
version = "1.0.45"
source = "registry+https://github.com/rust-lang/crates.io-index"
checksum = "41f2619966050689382d2b44f664f4bc593e129785a36d6ee376ddf37259b924"
dependencies = [
 "proc-macro2",
]

[[package]]
name = "syn"
version = "2.0.117"
source = "registry+https://github.com/rust-lang/crates.io-index"
checksum = "e665b8803e7b1d2a727f4023456bbbbe74da67099c585258af0ad9c5013b9b99"
dependencies = [
 "proc-macro2",
 "quote",
 "unicode-ident",
]

[[package]]
name = "toolkit-winui"
version = "0.1.0"
dependencies = [
 "wasdk",
 "windows-bindgen",
 "windows-collections",
 "windows-core",
 "windows-future",
 "windows-numerics",
 "windows-reference",
 "windows-time",
]

[[package]]
name = "toolkit-winui-controls"
version = "0.1.0"
dependencies = [
 "toolkit-winui",
 "toolkit-winui-converters",
 "toolkit-winui-helpers",
 "wasdk",
 "windows-bindgen",
 "windows-collections",
 "windows-core",
 "windows-future",
 "windows-metadata",
 "windows-numerics",
 "windows-reference",
 "windows-time",
]

[[package]]
name = "toolkit-winui-converters"
version = "0.1.0"
dependencies = [
 "wasdk",
 "windows-bindgen",
 "windows-collections",
 "windows-core",
 "windows-future",
 "windows-numerics",
 "windows-reference",
 "windows-time",
]

[[package]]
name = "toolkit-winui-helpers"
version = "0.1.0"
dependencies = [
 "toolkit-winui",
 "wasdk",
 "windows-bindgen",
 "windows-collections",
 "windows-core",
 "windows-future",
 "windows-numerics",
 "windows-reference",
 "windows-time",
]

[[package]]
name = "unicode-ident"
version = "1.0.24"
source = "registry+https://github.com/rust-lang/crates.io-index"
checksum = "e6e4313cd5fcd3dad5cafa179702e2b244f760991f45397d14d4ebf38247da75"

[[package]]
name = "wasdk"
version = "0.1.0"
dependencies = [
 "windows-bindgen",
 "windows-collections",
 "windows-core",
 "windows-future",
 "windows-numerics",
 "windows-reference",
 "windows-time",
]

[[package]]
name = "windows-bindgen"
version = "0.100.0"
source = "registry+https://github.com/rust-lang/crates.io-index"
checksum = "c6bb7c22ca81c6dc1554fd328c12697b4b0ad5c45081df2c3c9a3f89cc467da2"
dependencies = [
 "proc-macro2",
 "quote",
 "windows-default",
 "windows-metadata",
]

[[package]]
name = "windows-collections"
version = "0.100.0"
source = "registry+https://github.com/rust-lang/crates.io-index"
checksum = "e884f6b14b3c101363efab151e89271b4da599d1e29d945023f92656b23020c2"
dependencies = [
 "windows-core",
]

[[package]]
name = "windows-core"
version = "0.100.0"
source = "registry+https://github.com/rust-lang/crates.io-index"
checksum = "803590c6856f51d15fa2e9fabe4f4703122c8737f72ef2741b4ac09d4c2192f5"
dependencies = [
 "windows-implement",
 "windows-interface",
 "windows-link",
 "windows-result",
 "windows-strings",
]

[[package]]
name = "windows-default"
version = "0.100.0"
source = "registry+https://github.com/rust-lang/crates.io-index"
checksum = "d4882bb065b03115aa8891d44d076bbe843d286d8bfd0b55caaa4b049141a712"

[[package]]
name = "windows-future"
version = "0.100.0"
source = "registry+https://github.com/rust-lang/crates.io-index"
checksum = "a74555161b6c58612bbe052b9964c9c069326c487d24b8f7e77d5a8e83fb81c8"
dependencies = [
 "windows-core",
 "windows-link",
 "windows-threading",
]

[[package]]
name = "windows-implement"
version = "0.100.0"
source = "registry+https://github.com/rust-lang/crates.io-index"
checksum = "1bc1bc82e5a1b1a4d7255861b07881a0407b552f50a4d8543c0c7276fa96f6e8"
dependencies = [
 "proc-macro2",
 "quote",
 "syn",
]

[[package]]
name = "windows-interface"
version = "0.100.0"
source = "registry+https://github.com/rust-lang/crates.io-index"
checksum = "b3f7005c3b757b9b82c2f40c0e71094ff1080adddaf3e8b6ce99b545d3c48796"
dependencies = [
 "proc-macro2",
 "quote",
 "syn",
]

[[package]]
name = "windows-link"
version = "0.100.0"
source = "registry+https://github.com/rust-lang/crates.io-index"
checksum = "9b39de7c7fe78858b0144c50c3fc000bab3be17d5e9b85b1053871693c7f7415"

[[package]]
name = "windows-metadata"
version = "0.100.0"
source = "registry+https://github.com/rust-lang/crates.io-index"
checksum = "1d3a758dc1da4ae61aa7f93afbb505d564c72dd6431e513ed581377857896a72"

[[package]]
name = "windows-numerics"
version = "0.100.0"
source = "registry+https://github.com/rust-lang/crates.io-index"
checksum = "d9c5500bf6a9098f27922953422ae7324cdd330c868e945801593455a6832701"
dependencies = [
 "windows-core",
]

[[package]]
name = "windows-reference"
version = "0.100.0"
source = "registry+https://github.com/rust-lang/crates.io-index"
checksum = "bdfaf342eb9cfa3b519410caa05f8ebd3b20b7e077cdf80d013a5bca4f1b194b"
dependencies = [
 "windows-core",
 "windows-time",
]

[[package]]
name = "windows-result"
version = "0.100.0"
source = "registry+https://github.com/rust-lang/crates.io-index"
checksum = "44873a1ef61c85d5e2991db91fe656cfcf0731097e00dff1ac860f1cb3b752a0"
dependencies = [
 "windows-link",
]

[[package]]
name = "windows-strings"
version = "0.100.0"
source = "registry+https://github.com/rust-lang/crates.io-index"
checksum = "6a70b590c684f1d2854f74999896f7c0558f1bdde62f599088599e20ea1d2f60"
dependencies = [
 "windows-link",
]

[[package]]
name = "windows-threading"
version = "0.100.0"
source = "registry+https://github.com/rust-lang/crates.io-index"
checksum = "cff005f1c94bffb9b073230837d3448d0e0ba3cf11c34b6f1f7d4c3875eded09"
dependencies = [
 "windows-link",
]

[[package]]
name = "windows-time"
version = "0.100.0"
source = "registry+https://github.com/rust-lang/crates.io-index"
checksum = "de136aac4d76b9ea94b2589774be8bcd91b31b2dd7dae54abdd63335590095e4"
dependencies = [
 "windows-core",
]

[[package]]
name = "xamltoolkit-rs"
version = "0.1.0"
dependencies = [
 "toolkit-winui",
 "toolkit-winui-controls",
 "toolkit-winui-converters",
 "toolkit-winui-helpers",
 "wasdk",
 "windows-core",
]
