# Interfaces required by windows-bindgen 0.100 for the selected Toolkit graph.
Microsoft.UI.Composition.ICompositionObjectStatics
Microsoft.UI.Xaml.IDependencyObjectFactory
Microsoft.UI.Xaml.IFrameworkElementFactory
Microsoft.UI.Xaml.IFrameworkElementStatics
Microsoft.UI.Xaml.IStateTriggerBaseFactory
Microsoft.UI.Xaml.IUIElementStatics
Microsoft.UI.Xaml.Markup.IMarkupExtensionFactory
Microsoft.UI.Xaml.Controls.IControlFactory
Microsoft.UI.Xaml.Controls.IControlStatics
Microsoft.UI.Xaml.Controls.IItemsControlFactory
Microsoft.UI.Xaml.Controls.IItemsControlStatics
Microsoft.UI.Xaml.Controls.IListViewBaseFactory
Microsoft.UI.Xaml.Controls.IListViewBaseStatics
Microsoft.UI.Xaml.Controls.Primitives.ISelectorStatics
Microsoft.UI.Xaml.IDataTemplateFactory
Microsoft.UI.Xaml.IDataTemplateStatics
Microsoft.UI.Xaml.IDependencyPropertyStatics
Microsoft.UI.Xaml.Media.IBrushFactory
Microsoft.UI.Xaml.Media.IBrushStatics
Microsoft.UI.Xaml.Media.IFontFamilyFactory
Microsoft.UI.Xaml.Media.IFontFamilyStatics
Microsoft.UI.Xaml.Media.IGeneralTransformFactory
Microsoft.UI.Xaml.Documents.IHyperlinkStatics
Microsoft.UI.Xaml.Documents.IInlineFactory
Microsoft.UI.Xaml.Documents.ISpanFactory
Microsoft.UI.Xaml.Documents.ITextElementStatics
Microsoft.UI.Xaml.IFrameworkTemplateFactory
Microsoft.UI.Xaml.IPropertyMetadataFactory
Microsoft.UI.Xaml.IPropertyMetadataStatics
XamlToolkit.WinUI.IAttachedDropShadowStatics
XamlToolkit.WinUI.IAttachedShadowBaseFactory
XamlToolkit.WinUI.IAttachedShadowBaseStatics
XamlToolkit.WinUI.IAttachedShadowElementContextFactory
XamlToolkit.WinUI.IControlSizeTriggerStatics
XamlToolkit.WinUI.IEffectsStatics
XamlToolkit.WinUI.IFrameworkElementExtensionsStatics
XamlToolkit.WinUI.IHyperlinkExtensionsStatics
XamlToolkit.WinUI.IIsEqualStateTriggerStatics
XamlToolkit.WinUI.IIsNullOrEmptyStateTriggerStatics
XamlToolkit.WinUI.IListViewExtensionsStatics
XamlToolkit.WinUI.IMatrixExtensionsStatics
XamlToolkit.WinUI.IRectExtensionsStatics
XamlToolkit.WinUI.ITextIconExtensionFactory
XamlToolkit.WinUI.ITextIconExtensionStatics
XamlToolkit.WinUI.ITransformExtensionsStatics
XamlToolkit.WinUI.IUIElementExtensionsStatics
XamlToolkit.WinUI.IVisualExtensionsStatics
