Microsoft.UI.Composition.AnimationPropertyInfo
Microsoft.UI.Composition.CompositionBrush
Microsoft.UI.Composition.CompositionClip
Microsoft.UI.Composition.Compositor
Microsoft.UI.Composition.DropShadow
Microsoft.UI.Composition.IAnimationObject
Microsoft.UI.Composition.ICompositionAnimationBase
Microsoft.UI.Composition.IVisualElement
Microsoft.UI.Composition.IVisualElement2
Microsoft.UI.Composition.SpriteVisual
Microsoft.UI.Composition.Visual
Microsoft.UI.Dispatching.DispatcherQueue
Microsoft.UI.Input.InputCursor
Microsoft.UI.Input.InputSystemCursorShape
Microsoft.UI.Input.PointerPoint
Microsoft.UI.Text.ITextCharacterFormat
Microsoft.UI.Text.ITextRange
Microsoft.UI.Text.RichEditTextDocument
Microsoft.UI.Xaml.ApplicationTheme
Microsoft.UI.Xaml.Automation.AutomationProperty
Microsoft.UI.Xaml.Automation.AutomationTextEditChangeType
Microsoft.UI.Xaml.Automation.Peers.AutomationControlType
Microsoft.UI.Xaml.Automation.Peers.AutomationEvents
Microsoft.UI.Xaml.Automation.Peers.AutomationHeadingLevel
Microsoft.UI.Xaml.Automation.Peers.AutomationLandmarkType
Microsoft.UI.Xaml.Automation.Peers.AutomationLiveSetting
Microsoft.UI.Xaml.Automation.Peers.AutomationNavigationDirection
Microsoft.UI.Xaml.Automation.Peers.AutomationNotificationKind
Microsoft.UI.Xaml.Automation.Peers.AutomationNotificationProcessing
Microsoft.UI.Xaml.Automation.Peers.AutomationOrientation
Microsoft.UI.Xaml.Automation.Peers.AutomationPeer
Microsoft.UI.Xaml.Automation.Peers.AutomationPeerAnnotation
Microsoft.UI.Xaml.Automation.Peers.AutomationStructureChangeType
Microsoft.UI.Xaml.Automation.Peers.ButtonBaseAutomationPeer
Microsoft.UI.Xaml.Automation.Peers.FrameworkElementAutomationPeer
Microsoft.UI.Xaml.Automation.Peers.IAutomationPeer
Microsoft.UI.Xaml.Automation.Peers.IAutomationPeerOverrides
Microsoft.UI.Xaml.Automation.Peers.IAutomationPeerProtected
Microsoft.UI.Xaml.Automation.Peers.IFrameworkElementAutomationPeer
Microsoft.UI.Xaml.Automation.Peers.IItemsControlAutomationPeer
Microsoft.UI.Xaml.Automation.Peers.IItemsControlAutomationPeerOverrides
Microsoft.UI.Xaml.Automation.Peers.ItemAutomationPeer
Microsoft.UI.Xaml.Automation.Peers.ItemsControlAutomationPeer
Microsoft.UI.Xaml.Automation.Peers.ListViewBaseAutomationPeer
Microsoft.UI.Xaml.Automation.Peers.PatternInterface
Microsoft.UI.Xaml.Automation.Peers.RangeBaseAutomationPeer
Microsoft.UI.Xaml.Automation.Peers.SelectorAutomationPeer
Microsoft.UI.Xaml.Automation.Provider.IDropTargetProvider
Microsoft.UI.Xaml.Automation.Provider.IItemContainerProvider
Microsoft.UI.Xaml.Automation.Provider.IRangeValueProvider
Microsoft.UI.Xaml.Automation.Provider.IRawElementProviderSimple
Microsoft.UI.Xaml.Automation.Provider.ISelectionProvider
Microsoft.UI.Xaml.Automation.Provider.IValueProvider
Microsoft.UI.Xaml.BringIntoViewOptions
Microsoft.UI.Xaml.BringIntoViewRequestedEventArgs
Microsoft.UI.Xaml.BrushTransition
Microsoft.UI.Xaml.Controls.AppBar
Microsoft.UI.Xaml.Controls.AppBarClosedDisplayMode
Microsoft.UI.Xaml.Controls.AutoSuggestBox
Microsoft.UI.Xaml.Controls.AutoSuggestBoxQuerySubmittedEventArgs
Microsoft.UI.Xaml.Controls.AutoSuggestBoxSuggestionChosenEventArgs
Microsoft.UI.Xaml.Controls.AutoSuggestBoxTextChangedEventArgs
Microsoft.UI.Xaml.Controls.BackgroundSizing
Microsoft.UI.Xaml.Controls.Button
Microsoft.UI.Xaml.Controls.ChoosingGroupHeaderContainerEventArgs
Microsoft.UI.Xaml.Controls.ChoosingItemContainerEventArgs
Microsoft.UI.Xaml.Controls.ClickMode
Microsoft.UI.Xaml.Controls.ColorChangedEventArgs
Microsoft.UI.Xaml.Controls.ColorPicker
Microsoft.UI.Xaml.Controls.ColorSpectrumComponents
Microsoft.UI.Xaml.Controls.ColorSpectrumShape
Microsoft.UI.Xaml.Controls.ColumnDefinitionCollection
Microsoft.UI.Xaml.Controls.CommandBar
Microsoft.UI.Xaml.Controls.CommandBarDefaultLabelPosition
Microsoft.UI.Xaml.Controls.CommandBarOverflowButtonVisibility
Microsoft.UI.Xaml.Controls.ContainerContentChangingEventArgs
Microsoft.UI.Xaml.Controls.ContentControl
Microsoft.UI.Xaml.Controls.ContentPresenter
Microsoft.UI.Xaml.Controls.Control
Microsoft.UI.Xaml.Controls.ControlTemplate
Microsoft.UI.Xaml.Controls.DataTemplateSelector
Microsoft.UI.Xaml.Controls.DisabledFormattingAccelerators
Microsoft.UI.Xaml.Controls.DragItemsCompletedEventArgs
Microsoft.UI.Xaml.Controls.DragItemsStartingEventHandler
Microsoft.UI.Xaml.Controls.DropDownButton
Microsoft.UI.Xaml.Controls.DynamicOverflowItemsChangingEventArgs
Microsoft.UI.Xaml.Controls.FocusDisengagedEventArgs
Microsoft.UI.Xaml.Controls.FocusEngagedEventArgs
Microsoft.UI.Xaml.Controls.Grid
Microsoft.UI.Xaml.Controls.GroupStyle
Microsoft.UI.Xaml.Controls.GroupStyleSelector
Microsoft.UI.Xaml.Controls.IAppBar
Microsoft.UI.Xaml.Controls.IAppBarOverrides
Microsoft.UI.Xaml.Controls.IButton
Microsoft.UI.Xaml.Controls.IColorPicker
Microsoft.UI.Xaml.Controls.IColorPicker2
Microsoft.UI.Xaml.Controls.ICommandBar
Microsoft.UI.Xaml.Controls.ICommandBarElement
Microsoft.UI.Xaml.Controls.IconElement
Microsoft.UI.Xaml.Controls.IconSource
Microsoft.UI.Xaml.Controls.IContentControl
Microsoft.UI.Xaml.Controls.IContentControlOverrides
Microsoft.UI.Xaml.Controls.IContentPresenter
Microsoft.UI.Xaml.Controls.IContentPresenterOverrides
Microsoft.UI.Xaml.Controls.IControl
Microsoft.UI.Xaml.Controls.IControlOverrides
Microsoft.UI.Xaml.Controls.IControlProtected
Microsoft.UI.Xaml.Controls.IDataTemplateSelector
Microsoft.UI.Xaml.Controls.IDataTemplateSelectorOverrides
Microsoft.UI.Xaml.Controls.IGrid
Microsoft.UI.Xaml.Controls.IItemContainerMapping
Microsoft.UI.Xaml.Controls.IItemsControl
Microsoft.UI.Xaml.Controls.IItemsControlOverrides
Microsoft.UI.Xaml.Controls.ILayout
Microsoft.UI.Xaml.Controls.ILayout2
Microsoft.UI.Xaml.Controls.ILayoutOverrides
Microsoft.UI.Xaml.Controls.ILayoutProtected
Microsoft.UI.Xaml.Controls.ILayoutProtected2
Microsoft.UI.Xaml.Controls.IListViewBase
Microsoft.UI.Xaml.Controls.IListViewItem
Microsoft.UI.Xaml.Controls.INavigationView
Microsoft.UI.Xaml.Controls.INavigationView2
Microsoft.UI.Xaml.Controls.IncrementalLoadingTrigger
Microsoft.UI.Xaml.Controls.IndexBasedLayoutOrientation
Microsoft.UI.Xaml.Controls.IPanel
Microsoft.UI.Xaml.Controls.ISemanticZoomInformation
Microsoft.UI.Xaml.Controls.ISlider
Microsoft.UI.Xaml.Controls.IStyleSelector
Microsoft.UI.Xaml.Controls.IStyleSelectorOverrides
Microsoft.UI.Xaml.Controls.ItemClickEventHandler
Microsoft.UI.Xaml.Controls.ItemCollection
Microsoft.UI.Xaml.Controls.ItemCollectionTransitionProvider
Microsoft.UI.Xaml.Controls.ItemContainerGenerator
Microsoft.UI.Xaml.Controls.ItemsControl
Microsoft.UI.Xaml.Controls.ItemsPanelTemplate
Microsoft.UI.Xaml.Controls.ITreeView
Microsoft.UI.Xaml.Controls.ITreeView2
Microsoft.UI.Xaml.Controls.ITreeView3
Microsoft.UI.Xaml.Controls.IVirtualizingLayoutOverrides
Microsoft.UI.Xaml.Controls.Layout
Microsoft.UI.Xaml.Controls.LayoutContext
Microsoft.UI.Xaml.Controls.LightDismissOverlayMode
Microsoft.UI.Xaml.Controls.ListViewBase
Microsoft.UI.Xaml.Controls.ListViewItem
Microsoft.UI.Xaml.Controls.ListViewReorderMode
Microsoft.UI.Xaml.Controls.ListViewSelectionMode
Microsoft.UI.Xaml.Controls.NavigationView
Microsoft.UI.Xaml.Controls.NavigationViewBackButtonVisible
Microsoft.UI.Xaml.Controls.NavigationViewBackRequestedEventArgs
Microsoft.UI.Xaml.Controls.NavigationViewDisplayMode
Microsoft.UI.Xaml.Controls.NavigationViewDisplayModeChangedEventArgs
Microsoft.UI.Xaml.Controls.NavigationViewItem
Microsoft.UI.Xaml.Controls.NavigationViewItemCollapsedEventArgs
Microsoft.UI.Xaml.Controls.NavigationViewItemExpandingEventArgs
Microsoft.UI.Xaml.Controls.NavigationViewItemInvokedEventArgs
Microsoft.UI.Xaml.Controls.NavigationViewOverflowLabelMode
Microsoft.UI.Xaml.Controls.NavigationViewPaneClosingEventArgs
Microsoft.UI.Xaml.Controls.NavigationViewPaneDisplayMode
Microsoft.UI.Xaml.Controls.NavigationViewSelectionChangedEventArgs
Microsoft.UI.Xaml.Controls.NavigationViewSelectionFollowsFocus
Microsoft.UI.Xaml.Controls.NavigationViewShoulderNavigationEnabled
Microsoft.UI.Xaml.Controls.NavigationViewTemplateSettings
Microsoft.UI.Xaml.Controls.Orientation
Microsoft.UI.Xaml.Controls.Panel
Microsoft.UI.Xaml.Controls.Primitives.AppBarTemplateSettings
Microsoft.UI.Xaml.Controls.Primitives.ButtonBase
Microsoft.UI.Xaml.Controls.Primitives.CommandBarTemplateSettings
Microsoft.UI.Xaml.Controls.Primitives.DragCompletedEventHandler
Microsoft.UI.Xaml.Controls.Primitives.DragStartedEventHandler
Microsoft.UI.Xaml.Controls.Primitives.FlyoutBase
Microsoft.UI.Xaml.Controls.Primitives.IButtonBase
Microsoft.UI.Xaml.Controls.Primitives.IRangeBase
Microsoft.UI.Xaml.Controls.Primitives.IRangeBaseOverrides
Microsoft.UI.Xaml.Controls.Primitives.ISelector
Microsoft.UI.Xaml.Controls.Primitives.ISelectorItem
Microsoft.UI.Xaml.Controls.Primitives.ListViewItemTemplateSettings
Microsoft.UI.Xaml.Controls.Primitives.RangeBase
Microsoft.UI.Xaml.Controls.Primitives.RangeBaseValueChangedEventHandler
Microsoft.UI.Xaml.Controls.Primitives.Selector
Microsoft.UI.Xaml.Controls.Primitives.SelectorItem
Microsoft.UI.Xaml.Controls.Primitives.SliderSnapsTo
Microsoft.UI.Xaml.Controls.Primitives.TickPlacement
Microsoft.UI.Xaml.Controls.RequiresPointer
Microsoft.UI.Xaml.Controls.RichEditClipboardFormat
Microsoft.UI.Xaml.Controls.RowDefinitionCollection
Microsoft.UI.Xaml.Controls.ScrollIntoViewAlignment
Microsoft.UI.Xaml.Controls.SelectionChangedEventHandler
Microsoft.UI.Xaml.Controls.SemanticZoom
Microsoft.UI.Xaml.Controls.SemanticZoomLocation
Microsoft.UI.Xaml.Controls.Slider
Microsoft.UI.Xaml.Controls.StyleSelector
Microsoft.UI.Xaml.Controls.Symbol
Microsoft.UI.Xaml.Controls.TextControlPasteEventArgs
Microsoft.UI.Xaml.Controls.TreeView
Microsoft.UI.Xaml.Controls.TreeViewCollapsedEventArgs
Microsoft.UI.Xaml.Controls.TreeViewDragItemsCompletedEventArgs
Microsoft.UI.Xaml.Controls.TreeViewDragItemsStartingEventArgs
Microsoft.UI.Xaml.Controls.TreeViewExpandingEventArgs
Microsoft.UI.Xaml.Controls.TreeViewItemInvokedEventArgs
Microsoft.UI.Xaml.Controls.TreeViewNode
Microsoft.UI.Xaml.Controls.TreeViewSelectionChangedEventArgs
Microsoft.UI.Xaml.Controls.TreeViewSelectionMode
Microsoft.UI.Xaml.Controls.UIElementCollection
Microsoft.UI.Xaml.Controls.VirtualizingLayout
Microsoft.UI.Xaml.Controls.VirtualizingLayoutContext
Microsoft.UI.Xaml.CornerRadius
Microsoft.UI.Xaml.Data.BindingBase
Microsoft.UI.Xaml.Data.BindingExpression
Microsoft.UI.Xaml.Data.INotifyPropertyChanged
Microsoft.UI.Xaml.Data.ItemIndexRange
Microsoft.UI.Xaml.Data.IValueConverter
Microsoft.UI.Xaml.Data.LoadMoreItemsResult
Microsoft.UI.Xaml.Data.PropertyChangedEventHandler
Microsoft.UI.Xaml.DataContextChangedEventArgs
Microsoft.UI.Xaml.DataTemplate
Microsoft.UI.Xaml.DependencyObject
Microsoft.UI.Xaml.DependencyObjectCollection
Microsoft.UI.Xaml.DependencyProperty
Microsoft.UI.Xaml.DependencyPropertyChangedCallback
Microsoft.UI.Xaml.DependencyPropertyChangedEventArgs
Microsoft.UI.Xaml.DependencyPropertyChangedEventHandler
Microsoft.UI.Xaml.Documents.Hyperlink
Microsoft.UI.Xaml.DragEventArgs
Microsoft.UI.Xaml.DragEventHandler
Microsoft.UI.Xaml.DragStartingEventArgs
Microsoft.UI.Xaml.DropCompletedEventArgs
Microsoft.UI.Xaml.EffectiveViewportChangedEventArgs
Microsoft.UI.Xaml.ElementFactoryGetArgs
Microsoft.UI.Xaml.ElementFactoryRecycleArgs
Microsoft.UI.Xaml.ElementHighContrastAdjustment
Microsoft.UI.Xaml.ElementSoundMode
Microsoft.UI.Xaml.ElementTheme
Microsoft.UI.Xaml.FlowDirection
Microsoft.UI.Xaml.FocusState
Microsoft.UI.Xaml.FrameworkElement
Microsoft.UI.Xaml.HorizontalAlignment
Microsoft.UI.Xaml.IDependencyObject
Microsoft.UI.Xaml.IElementFactory
Microsoft.UI.Xaml.IFrameworkElement
Microsoft.UI.Xaml.IFrameworkElementOverrides
Microsoft.UI.Xaml.IFrameworkElementProtected
Microsoft.UI.Xaml.Input.AccessKeyDisplayDismissedEventArgs
Microsoft.UI.Xaml.Input.AccessKeyDisplayRequestedEventArgs
Microsoft.UI.Xaml.Input.AccessKeyInvokedEventArgs
Microsoft.UI.Xaml.Input.CharacterReceivedRoutedEventArgs
Microsoft.UI.Xaml.Input.ContextRequestedEventArgs
Microsoft.UI.Xaml.Input.DoubleTappedEventHandler
Microsoft.UI.Xaml.Input.DoubleTappedRoutedEventArgs
Microsoft.UI.Xaml.Input.GettingFocusEventArgs
Microsoft.UI.Xaml.Input.HoldingEventHandler
Microsoft.UI.Xaml.Input.HoldingRoutedEventArgs
Microsoft.UI.Xaml.Input.ICommand
Microsoft.UI.Xaml.Input.KeyboardAccelerator
Microsoft.UI.Xaml.Input.KeyboardAcceleratorInvokedEventArgs
Microsoft.UI.Xaml.Input.KeyboardAcceleratorPlacementMode
Microsoft.UI.Xaml.Input.KeyboardNavigationMode
Microsoft.UI.Xaml.Input.KeyEventHandler
Microsoft.UI.Xaml.Input.KeyRoutedEventArgs
Microsoft.UI.Xaml.Input.KeyTipPlacementMode
Microsoft.UI.Xaml.Input.LosingFocusEventArgs
Microsoft.UI.Xaml.Input.ManipulationCompletedEventHandler
Microsoft.UI.Xaml.Input.ManipulationCompletedRoutedEventArgs
Microsoft.UI.Xaml.Input.ManipulationDeltaEventHandler
Microsoft.UI.Xaml.Input.ManipulationDeltaRoutedEventArgs
Microsoft.UI.Xaml.Input.ManipulationInertiaStartingEventHandler
Microsoft.UI.Xaml.Input.ManipulationInertiaStartingRoutedEventArgs
Microsoft.UI.Xaml.Input.ManipulationModes
Microsoft.UI.Xaml.Input.ManipulationStartedEventHandler
Microsoft.UI.Xaml.Input.ManipulationStartedRoutedEventArgs
Microsoft.UI.Xaml.Input.ManipulationStartingEventHandler
Microsoft.UI.Xaml.Input.ManipulationStartingRoutedEventArgs
Microsoft.UI.Xaml.Input.NoFocusCandidateFoundEventArgs
Microsoft.UI.Xaml.Input.Pointer
Microsoft.UI.Xaml.Input.PointerEventHandler
Microsoft.UI.Xaml.Input.PointerRoutedEventArgs
Microsoft.UI.Xaml.Input.ProcessKeyboardAcceleratorEventArgs
Microsoft.UI.Xaml.Input.RightTappedEventHandler
Microsoft.UI.Xaml.Input.RightTappedRoutedEventArgs
Microsoft.UI.Xaml.Input.TappedEventHandler
Microsoft.UI.Xaml.Input.TappedRoutedEventArgs
Microsoft.UI.Xaml.Input.XYFocusKeyboardNavigationMode
Microsoft.UI.Xaml.Input.XYFocusNavigationStrategy
Microsoft.UI.Xaml.Interop.NotifyCollectionChangedEventArgs
Microsoft.UI.Xaml.IResourceDictionary
Microsoft.UI.Xaml.IStateTriggerBaseProtected
Microsoft.UI.Xaml.IUIElement
Microsoft.UI.Xaml.IUIElementOverrides
Microsoft.UI.Xaml.IUIElementProtected
Microsoft.UI.Xaml.IXamlServiceProvider
Microsoft.UI.Xaml.LineStackingStrategy
Microsoft.UI.Xaml.Markup.IMarkupExtensionOverrides
Microsoft.UI.Xaml.Markup.IXamlMetadataProvider
Microsoft.UI.Xaml.Markup.IXamlType
Microsoft.UI.Xaml.Markup.MarkupExtension
Microsoft.UI.Xaml.Markup.XmlnsDefinition
Microsoft.UI.Xaml.Media.Animation.ConnectedAnimation
Microsoft.UI.Xaml.Media.Animation.TransitionCollection
Microsoft.UI.Xaml.Media.Brush
Microsoft.UI.Xaml.Media.CacheMode
Microsoft.UI.Xaml.Media.ElementCompositeMode
Microsoft.UI.Xaml.Media.FontFamily
Microsoft.UI.Xaml.Media.GeneralTransform
Microsoft.UI.Xaml.Media.Imaging.WriteableBitmap
Microsoft.UI.Xaml.Media.Matrix
Microsoft.UI.Xaml.Media.Media3D.Transform3D
Microsoft.UI.Xaml.Media.Projection
Microsoft.UI.Xaml.Media.RectangleGeometry
Microsoft.UI.Xaml.Media.Shadow
Microsoft.UI.Xaml.Media.SolidColorBrush
Microsoft.UI.Xaml.Media.Transform
Microsoft.UI.Xaml.Media.XamlLight
Microsoft.UI.Xaml.OpticalMarginAlignment
Microsoft.UI.Xaml.ResourceDictionary
Microsoft.UI.Xaml.RoutedEvent
Microsoft.UI.Xaml.RoutedEventArgs
Microsoft.UI.Xaml.RoutedEventHandler
Microsoft.UI.Xaml.ScalarTransition
Microsoft.UI.Xaml.SizeChangedEventHandler
Microsoft.UI.Xaml.StateTriggerBase
Microsoft.UI.Xaml.Style
Microsoft.UI.Xaml.TextLineBounds
Microsoft.UI.Xaml.TextWrapping
Microsoft.UI.Xaml.Thickness
Microsoft.UI.Xaml.TriggerCollection
Microsoft.UI.Xaml.UIElement
Microsoft.UI.Xaml.Vector3Transition
Microsoft.UI.Xaml.VerticalAlignment
Microsoft.UI.Xaml.Visibility
Microsoft.UI.Xaml.XamlRoot
Windows.UI.Xaml.Interop.TypeName
