# Factory, static, and delegate interfaces required by windows-bindgen 0.100.
# The 0.100 closure emits class wrappers for these interfaces even when they
# are reached through another selected type, so they must be explicit roots.
Microsoft.UI.Composition.IAnimationControllerStatics
Microsoft.UI.Composition.ICompositionEasingFunctionStatics
Microsoft.UI.Composition.ICompositionPathFactory
Microsoft.UI.Dispatching.IDispatcherQueueStatics
Microsoft.UI.Input.IInputCursorStatics
Microsoft.UI.Xaml.Automation.Peers.IAutomationPeerAnnotationFactory
Microsoft.UI.Xaml.Automation.Peers.IAutomationPeerAnnotationStatics
Microsoft.UI.Xaml.Automation.Peers.IAutomationPeerFactory
Microsoft.UI.Xaml.Automation.Peers.IAutomationPeerStatics
Microsoft.UI.Xaml.Automation.Peers.IButtonBaseAutomationPeerFactory
Microsoft.UI.Xaml.Automation.Peers.IFrameworkElementAutomationPeerFactory
Microsoft.UI.Xaml.Automation.Peers.IFrameworkElementAutomationPeerStatics
Microsoft.UI.Xaml.Automation.Peers.IItemAutomationPeerFactory
Microsoft.UI.Xaml.Automation.Peers.IItemsControlAutomationPeerFactory
Microsoft.UI.Xaml.Automation.Peers.IListViewBaseAutomationPeerFactory
Microsoft.UI.Xaml.Automation.Peers.IRangeBaseAutomationPeerFactory
Microsoft.UI.Xaml.Automation.Peers.ISelectorAutomationPeerFactory
Microsoft.UI.Xaml.Controls.IAppBarFactory
Microsoft.UI.Xaml.Controls.IAppBarStatics
Microsoft.UI.Xaml.Controls.IAutoSuggestBoxStatics
Microsoft.UI.Xaml.Controls.IAutoSuggestBoxTextChangedEventArgsStatics
Microsoft.UI.Xaml.Controls.IBorderStatics
Microsoft.UI.Xaml.Controls.IButtonFactory
Microsoft.UI.Xaml.Controls.IButtonStatics
Microsoft.UI.Xaml.Controls.IColorPickerFactory
Microsoft.UI.Xaml.Controls.IColorPickerStatics
Microsoft.UI.Xaml.Controls.IColorPickerStatics2
Microsoft.UI.Xaml.Controls.IColumnDefinitionStatics
Microsoft.UI.Xaml.Controls.ICommandBarFactory
Microsoft.UI.Xaml.Controls.ICommandBarStatics
Microsoft.UI.Xaml.Controls.IContentControlFactory
Microsoft.UI.Xaml.Controls.IContentControlStatics
Microsoft.UI.Xaml.Controls.IContentPresenterFactory
Microsoft.UI.Xaml.Controls.IContentPresenterStatics
Microsoft.UI.Xaml.Controls.IControlFactory
Microsoft.UI.Xaml.Controls.IControlStatics
Microsoft.UI.Xaml.Controls.IDataTemplateSelectorFactory
Microsoft.UI.Xaml.Controls.IDropDownButtonFactory
Microsoft.UI.Xaml.Controls.IFontIconFactory
Microsoft.UI.Xaml.Controls.IFontIconSourceFactory
Microsoft.UI.Xaml.Controls.IFontIconSourceStatics
Microsoft.UI.Xaml.Controls.IFontIconStatics
Microsoft.UI.Xaml.Controls.IGridFactory
Microsoft.UI.Xaml.Controls.IGridStatics
Microsoft.UI.Xaml.Controls.IGroupStyleFactory
Microsoft.UI.Xaml.Controls.IGroupStyleSelectorFactory
Microsoft.UI.Xaml.Controls.IIconElementStatics
Microsoft.UI.Xaml.Controls.IIconSourceStatics
Microsoft.UI.Xaml.Controls.IItemCollectionTransitionProviderFactory
Microsoft.UI.Xaml.Controls.IItemsControlFactory
Microsoft.UI.Xaml.Controls.IItemsControlStatics
Microsoft.UI.Xaml.Controls.IListViewBaseFactory
Microsoft.UI.Xaml.Controls.IListViewBaseStatics
Microsoft.UI.Xaml.Controls.IListViewItemFactory
Microsoft.UI.Xaml.Controls.INavigationViewFactory
Microsoft.UI.Xaml.Controls.INavigationViewItemBaseStatics
Microsoft.UI.Xaml.Controls.INavigationViewItemFactory
Microsoft.UI.Xaml.Controls.INavigationViewItemStatics
Microsoft.UI.Xaml.Controls.INavigationViewItemStatics2
Microsoft.UI.Xaml.Controls.INavigationViewItemStatics3
Microsoft.UI.Xaml.Controls.INavigationViewStatics
Microsoft.UI.Xaml.Controls.INavigationViewStatics2
Microsoft.UI.Xaml.Controls.INavigationViewTemplateSettingsFactory
Microsoft.UI.Xaml.Controls.INavigationViewTemplateSettingsStatics
Microsoft.UI.Xaml.Controls.INavigationViewTemplateSettingsStatics2
Microsoft.UI.Xaml.Controls.IPanelFactory
Microsoft.UI.Xaml.Controls.IPanelStatics
Microsoft.UI.Xaml.Controls.IRowDefinitionStatics
Microsoft.UI.Xaml.Controls.ISelectionChangedEventArgsFactory
Microsoft.UI.Xaml.Controls.ISemanticZoomStatics
Microsoft.UI.Xaml.Controls.ISliderFactory
Microsoft.UI.Xaml.Controls.ISliderStatics
Microsoft.UI.Xaml.Controls.IStyleSelectorFactory
Microsoft.UI.Xaml.Controls.ISymbolIconFactory
Microsoft.UI.Xaml.Controls.ISymbolIconSourceFactory
Microsoft.UI.Xaml.Controls.ISymbolIconSourceStatics
Microsoft.UI.Xaml.Controls.ISymbolIconStatics
Microsoft.UI.Xaml.Controls.ITextBlockStatics
Microsoft.UI.Xaml.Controls.ITreeViewFactory
Microsoft.UI.Xaml.Controls.ITreeViewNodeFactory
Microsoft.UI.Xaml.Controls.ITreeViewNodeStatics
Microsoft.UI.Xaml.Controls.ITreeViewStatics
Microsoft.UI.Xaml.Controls.ITreeViewStatics2
Microsoft.UI.Xaml.Controls.IVirtualizingLayoutContextFactory
Microsoft.UI.Xaml.Controls.IVirtualizingLayoutFactory
Microsoft.UI.Xaml.Controls.Primitives.IButtonBaseFactory
Microsoft.UI.Xaml.Controls.Primitives.IButtonBaseStatics
Microsoft.UI.Xaml.Controls.Primitives.IDragCompletedEventArgsFactory
Microsoft.UI.Xaml.Controls.Primitives.IDragStartedEventArgsFactory
Microsoft.UI.Xaml.Controls.Primitives.IFlyoutBaseFactory
Microsoft.UI.Xaml.Controls.Primitives.IFlyoutBaseStatics
Microsoft.UI.Xaml.Controls.Primitives.IFlyoutBaseStatics2
Microsoft.UI.Xaml.Controls.Primitives.IRangeBaseFactory
Microsoft.UI.Xaml.Controls.Primitives.IRangeBaseStatics
Microsoft.UI.Xaml.Controls.Primitives.ISelectorItemFactory
Microsoft.UI.Xaml.Controls.Primitives.ISelectorItemStatics
Microsoft.UI.Xaml.Controls.Primitives.ISelectorStatics
Microsoft.UI.Xaml.Data.IBindingBaseFactory
Microsoft.UI.Xaml.Data.IItemIndexRangeFactory
Microsoft.UI.Xaml.Data.IPropertyChangedEventArgsFactory
Microsoft.UI.Xaml.Documents.IHyperlinkStatics
Microsoft.UI.Xaml.Documents.IInlineFactory
Microsoft.UI.Xaml.Documents.ISpanFactory
Microsoft.UI.Xaml.Documents.ITextElementStatics
Microsoft.UI.Xaml.IApplicationFactory
Microsoft.UI.Xaml.IApplicationStatics
Microsoft.UI.Xaml.IBrushTransitionFactory
Microsoft.UI.Xaml.IDataTemplateFactory
Microsoft.UI.Xaml.IDataTemplateStatics
Microsoft.UI.Xaml.IDependencyObjectCollectionFactory
Microsoft.UI.Xaml.IDependencyObjectFactory
Microsoft.UI.Xaml.IDependencyPropertyStatics
Microsoft.UI.Xaml.IElementFactoryGetArgsFactory
Microsoft.UI.Xaml.IElementFactoryRecycleArgsFactory
Microsoft.UI.Xaml.IFrameworkElementFactory
Microsoft.UI.Xaml.IFrameworkElementStatics
Microsoft.UI.Xaml.IFrameworkTemplateFactory
Microsoft.UI.Xaml.Input.IKeyboardAcceleratorFactory
Microsoft.UI.Xaml.Input.IKeyboardAcceleratorStatics
Microsoft.UI.Xaml.Input.IManipulationStartedRoutedEventArgsFactory
Microsoft.UI.Xaml.Interop.INotifyCollectionChangedEventArgsFactory
Microsoft.UI.Xaml.IPropertyMetadataFactory
Microsoft.UI.Xaml.IPropertyMetadataStatics
Microsoft.UI.Xaml.IResourceDictionaryFactory
Microsoft.UI.Xaml.IRoutedEventArgsFactory
Microsoft.UI.Xaml.IScalarTransitionFactory
Microsoft.UI.Xaml.IStateTriggerBaseFactory
Microsoft.UI.Xaml.IStyleFactory
Microsoft.UI.Xaml.IUIElementStatics
Microsoft.UI.Xaml.IVector3TransitionFactory
Microsoft.UI.Xaml.Markup.IMarkupExtensionFactory
Microsoft.UI.Xaml.Media.IBrushFactory
Microsoft.UI.Xaml.Media.IBrushStatics
Microsoft.UI.Xaml.Media.ICacheModeFactory
Microsoft.UI.Xaml.Media.IFontFamilyFactory
Microsoft.UI.Xaml.Media.IFontFamilyStatics
Microsoft.UI.Xaml.Media.IGeneralTransformFactory
Microsoft.UI.Xaml.Media.IGeometryStatics
Microsoft.UI.Xaml.Media.Imaging.IBitmapSourceFactory
Microsoft.UI.Xaml.Media.Imaging.IBitmapSourceStatics
Microsoft.UI.Xaml.Media.Imaging.IWriteableBitmapFactory
Microsoft.UI.Xaml.Media.IProjectionFactory
Microsoft.UI.Xaml.Media.IRectangleGeometryStatics
Microsoft.UI.Xaml.Media.ISolidColorBrushFactory
Microsoft.UI.Xaml.Media.ISolidColorBrushStatics
Microsoft.UI.Xaml.Media.IXamlLightFactory
Microsoft.UI.Xaml.Media.IXamlLightStatics
Microsoft.UI.Xaml.Media.Media3D.ITransform3DFactory
Windows.Foundation.EventHandler
Windows.Foundation.IUriEscapeStatics
Windows.Foundation.IUriRuntimeClassFactory
Windows.UI.Core.ICoreCursorFactory
