# Factory, static, and override interfaces required by windows-bindgen 0.100.
Microsoft.UI.Composition.ICompositorStatics
XamlToolkit.WinUI.Controls.IAccentColorConverterStatics
XamlToolkit.WinUI.Controls.IAspectRatioFactory
XamlToolkit.WinUI.Controls.IAspectRatioStatics
XamlToolkit.WinUI.Controls.ICameraPreviewStatics
XamlToolkit.WinUI.Controls.ICaseStatics
XamlToolkit.WinUI.Controls.IColorPickerButtonStatics
XamlToolkit.WinUI.Controls.IColorPickerStatics
XamlToolkit.WinUI.Controls.IContentSizerStatics
XamlToolkit.WinUI.Controls.IDockPanelStatics
XamlToolkit.WinUI.Controls.IEqualPanelStatics
XamlToolkit.WinUI.Controls.IGridSplitterStatics
XamlToolkit.WinUI.Controls.IHeaderedContentControlFactory
XamlToolkit.WinUI.Controls.IHeaderedContentControlOverrides
XamlToolkit.WinUI.Controls.IHeaderedContentControlStatics
XamlToolkit.WinUI.Controls.IHeaderedItemsControlFactory
XamlToolkit.WinUI.Controls.IHeaderedItemsControlOverrides
XamlToolkit.WinUI.Controls.IHeaderedItemsControlStatics
XamlToolkit.WinUI.Controls.IHeaderedTreeViewFactory
XamlToolkit.WinUI.Controls.IHeaderedTreeViewOverrides
XamlToolkit.WinUI.Controls.IHeaderedTreeViewStatics
XamlToolkit.WinUI.Controls.IImageCropperStatics
XamlToolkit.WinUI.Controls.IImageCropperThumbStatics
XamlToolkit.WinUI.Controls.IInterspersedObservableVectorFactory
XamlToolkit.WinUI.Controls.ILayoutTransformControlStatics
XamlToolkit.WinUI.Controls.IMetadataControlStatics
XamlToolkit.WinUI.Controls.IPretokenStringContainerFactory
XamlToolkit.WinUI.Controls.IPreviewFailedEventArgsFactory
XamlToolkit.WinUI.Controls.IPropertySizerStatics
XamlToolkit.WinUI.Controls.IRadialGaugeAutomationPeerFactory
XamlToolkit.WinUI.Controls.IRadialGaugeStatics
XamlToolkit.WinUI.Controls.IRangeChangedEventArgsFactory
XamlToolkit.WinUI.Controls.IRichSuggestBoxStatics
XamlToolkit.WinUI.Controls.IRichSuggestTokenFactory
XamlToolkit.WinUI.Controls.IRichSuggestTokenPointerOverEventArgsFactory
XamlToolkit.WinUI.Controls.IRichSuggestTokenSelectedEventArgsFactory
XamlToolkit.WinUI.Controls.ISegmentedItemStatics
XamlToolkit.WinUI.Controls.ISegmentedMarginConverterStatics
XamlToolkit.WinUI.Controls.ISegmentedStatics
XamlToolkit.WinUI.Controls.ISettingsCardAutomationPeerFactory
XamlToolkit.WinUI.Controls.ISettingsCardStatics
XamlToolkit.WinUI.Controls.ISettingsExpanderAutomationPeerFactory
XamlToolkit.WinUI.Controls.ISettingsExpanderStatics
XamlToolkit.WinUI.Controls.ISizerAutomationPeerFactory
XamlToolkit.WinUI.Controls.ISizerBaseFactory
XamlToolkit.WinUI.Controls.ISizerBaseOverrides
XamlToolkit.WinUI.Controls.ISizerBaseStatics
XamlToolkit.WinUI.Controls.IStaggeredLayoutStatics
XamlToolkit.WinUI.Controls.IStaggeredPanelStatics
XamlToolkit.WinUI.Controls.IStyleExtensionsStatics
XamlToolkit.WinUI.Controls.ISwitchConverterStatics
XamlToolkit.WinUI.Controls.ISwitchPresenterStatics
XamlToolkit.WinUI.Controls.ITabbedCommandBarItemStatics
XamlToolkit.WinUI.Controls.ITokenItemAddingEventArgsFactory
XamlToolkit.WinUI.Controls.ITokenItemRemovingEventArgsFactory
XamlToolkit.WinUI.Controls.ITokenizingTextBoxAutomationPeerFactory
XamlToolkit.WinUI.Controls.ITokenizingTextBoxItemStatics
XamlToolkit.WinUI.Controls.ITokenizingTextBoxStatics
XamlToolkit.WinUI.Controls.IUniformGridStatics
XamlToolkit.WinUI.Controls.IWrapPanelStatics
XamlToolkit.WinUI.Controls.Primitives.IColorPickerSliderStatics
XamlToolkit.WinUI.Controls.Primitives.IColorPreviewerStatics
